// !$*UTF8*$!
{
	archiveVersion = 1;
	classes = {
	};
	objectVersion = 55;
	objects = {

/* Begin PBXBuildFile section */
		5B1BC8D828659FA0004B75E2 /* MovieDetailVC.swift in Sources */ = {isa = PBXBuildFile; fileRef = 5B1BC8D728659FA0004B75E2 /* MovieDetailVC.swift */; };
		5B1F8944283E3CCB00EDEE1E /* AppDelegate.swift in Sources */ = {isa = PBXBuildFile; fileRef = 5B1F8943283E3CCB00EDEE1E /* AppDelegate.swift */; };
		5B1F8946283E3CCB00EDEE1E /* SceneDelegate.swift in Sources */ = {isa = PBXBuildFile; fileRef = 5B1F8945283E3CCB00EDEE1E /* SceneDelegate.swift */; };
		5B1F894D283E3CCD00EDEE1E /* Assets.xcassets in Resources */ = {isa = PBXBuildFile; fileRef = 5B1F894C283E3CCD00EDEE1E /* Assets.xcassets */; };
		5B1F8950283E3CCD00EDEE1E /* LaunchScreen.storyboard in Resources */ = {isa = PBXBuildFile; fileRef = 5B1F894E283E3CCD00EDEE1E /* LaunchScreen.storyboard */; };
		5BB7F52828499FCA008FF56B /* MovieData.swift in Sources */ = {isa = PBXBuildFile; fileRef = 5BB7F52728499FCA008FF56B /* MovieData.swift */; };
		5BB7F52A2849A042008FF56B /* TabBarController.swift in Sources */ = {isa = PBXBuildFile; fileRef = 5BB7F5292849A042008FF56B /* TabBarController.swift */; };
		5BB7F52C2849A0FC008FF56B /* SearchVC.swift in Sources */ = {isa = PBXBuildFile; fileRef = 5BB7F52B2849A0FC008FF56B /* SearchVC.swift */; };
		5BB7F52E2849A120008FF56B /* MovieListVC.swift in Sources */ = {isa = PBXBuildFile; fileRef = 5BB7F52D2849A120008FF56B /* MovieListVC.swift */; };
		5BB7F5302849A160008FF56B /* FavouritesListVC.swift in Sources */ = {isa = PBXBuildFile; fileRef = 5BB7F52F2849A160008FF56B /* FavouritesListVC.swift */; };
		5BB7F5322849A19E008FF56B /* TextField.swift in Sources */ = {isa = PBXBuildFile; fileRef = 5BB7F5312849A19E008FF56B /* TextField.swift */; };
		5BB7F5342849A1CA008FF56B /* MovieCell.swift in Sources */ = {isa = PBXBuildFile; fileRef = 5BB7F5332849A1CA008FF56B /* MovieCell.swift */; };
		5BB7F5362849A1EE008FF56B /* NetworkManager.swift in Sources */ = {isa = PBXBuildFile; fileRef = 5BB7F5352849A1EE008FF56B /* NetworkManager.swift */; };
		5BC0FA11285AEF00007B3F42 /* VC ext.swift in Sources */ = {isa = PBXBuildFile; fileRef = 5BC0FA10285AEF00007B3F42 /* VC ext.swift */; };
		5BC0FA13285AEF86007B3F42 /* MovieListCoordinator.swift in Sources */ = {isa = PBXBuildFile; fileRef = 5BC0FA12285AEF86007B3F42 /* MovieListCoordinator.swift */; };
/* End PBXBuildFile section */

/* Begin PBXFileReference section */
		5B1BC8D728659FA0004B75E2 /* MovieDetailVC.swift */ = {isa = PBXFileReference; lastKnownFileType = sourcecode.swift; path = MovieDetailVC.swift; sourceTree = "<group>"; };
		5B1F8940283E3CCB00EDEE1E /* MovieList.app */ = {isa = PBXFileReference; explicitFileType = wrapper.application; includeInIndex = 0; path = MovieList.app; sourceTree = BUILT_PRODUCTS_DIR; };
		5B1F8943283E3CCB00EDEE1E /* AppDelegate.swift */ = {isa = PBXFileReference; lastKnownFileType = sourcecode.swift; path = AppDelegate.swift; sourceTree = "<group>"; };
		5B1F8945283E3CCB00EDEE1E /* SceneDelegate.swift */ = {isa = PBXFileReference; lastKnownFileType = sourcecode.swift; path = SceneDelegate.swift; sourceTree = "<group>"; };
		5B1F894C283E3CCD00EDEE1E /* Assets.xcassets */ = {isa = PBXFileReference; lastKnownFileType = folder.assetcatalog; path = Assets.xcassets; sourceTree = "<group>"; };
		5B1F894F283E3CCD00EDEE1E /* Base */ = {isa = PBXFileReference; lastKnownFileType = file.storyboard; name = Base; path = Base.lproj/LaunchScreen.storyboard; sourceTree = "<group>"; };
		5B1F8951283E3CCD00EDEE1E /* Info.plist */ = {isa = PBXFileReference; lastKnownFileType = text.plist.xml; path = Info.plist; sourceTree = "<group>"; };
		5BB7F52728499FCA008FF56B /* MovieData.swift */ = {isa = PBXFileReference; lastKnownFileType = sourcecode.swift; path = MovieData.swift; sourceTree = "<group>"; };
		5BB7F5292849A042008FF56B /* TabBarController.swift */ = {isa = PBXFileReference; lastKnownFileType = sourcecode.swift; path = TabBarController.swift; sourceTree = "<group>"; };
		5BB7F52B2849A0FC008FF56B /* SearchVC.swift */ = {isa = PBXFileReference; lastKnownFileType = sourcecode.swift; path = SearchVC.swift; sourceTree = "<group>"; };
		5BB7F52D2849A120008FF56B /* MovieListVC.swift */ = {isa = PBXFileReference; lastKnownFileType = sourcecode.swift; path = MovieListVC.swift; sourceTree = "<group>"; };
		5BB7F52F2849A160008FF56B /* FavouritesListVC.swift */ = {isa = PBXFileReference; lastKnownFileType = sourcecode.swift; path = FavouritesListVC.swift; sourceTree = "<group>"; };
		5BB7F5312849A19E008FF56B /* TextField.swift */ = {isa = PBXFileReference; lastKnownFileType = sourcecode.swift; path = TextField.swift; sourceTree = "<group>"; };
		5BB7F5332849A1CA008FF56B /* MovieCell.swift */ = {isa = PBXFileReference; lastKnownFileType = sourcecode.swift; path = MovieCell.swift; sourceTree = "<group>"; };
		5BB7F5352849A1EE008FF56B /* NetworkManager.swift */ = {isa = PBXFileReference; lastKnownFileType = sourcecode.swift; path = NetworkManager.swift; sourceTree = "<group>"; };
		5BC0FA10285AEF00007B3F42 /* VC ext.swift */ = {isa = PBXFileReference; lastKnownFileType = sourcecode.swift; path = "VC ext.swift"; sourceTree = "<group>"; };
		5BC0FA12285AEF86007B3F42 /* MovieListCoordinator.swift */ = {isa = PBXFileReference; lastKnownFileType = sourcecode.swift; path = MovieListCoordinator.swift; sourceTree = "<group>"; };
/* End PBXFileReference section */

/* Begin PBXFrameworksBuildPhase section */
		5B1F893D283E3CCB00EDEE1E /* Frameworks */ = {
			isa = PBXFrameworksBuildPhase;
			buildActionMask = 2147483647;
			files = (
			);
			runOnlyForDeploymentPostprocessing = 0;
		};
/* End PBXFrameworksBuildPhase section */

/* Begin PBXGroup section */
		5B1BC8D428659F05004B75E2 /* Search */ = {
			isa = PBXGroup;
			children = (
				5BB7F52B2849A0FC008FF56B /* SearchVC.swift */,
				5BB7F5312849A19E008FF56B /* TextField.swift */,
			);
			path = Search;
			sourceTree = "<group>";
		};
		5B1BC8D528659F4A004B75E2 /* MovieList */ = {
			isa = PBXGroup;
			children = (
				5BB7F52728499FCA008FF56B /* MovieData.swift */,
				5BB7F5332849A1CA008FF56B /* MovieCell.swift */,
				5BB7F52D2849A120008FF56B /* MovieListVC.swift */,
				5BC0FA12285AEF86007B3F42 /* MovieListCoordinator.swift */,
				5BB7F5352849A1EE008FF56B /* NetworkManager.swift */,
				5BC0FA10285AEF00007B3F42 /* VC ext.swift */,
				5B1BC8D728659FA0004B75E2 /* MovieDetailVC.swift */,
			);
			path = MovieList;
			sourceTree = "<group>";
		};
		5B1BC8D628659F59004B75E2 /* Favourites */ = {
			isa = PBXGroup;
			children = (
				5BB7F52F2849A160008FF56B /* FavouritesListVC.swift */,
			);
			path = Favourites;
			sourceTree = "<group>";
		};
		5B1F8937283E3CCB00EDEE1E = {
			isa = PBXGroup;
			children = (
				5B1F8942283E3CCB00EDEE1E /* MovieList */,
				5B1F8941283E3CCB00EDEE1E /* Products */,
			);
			sourceTree = "<group>";
		};
		5B1F8941283E3CCB00EDEE1E /* Products */ = {
			isa = PBXGroup;
			children = (
				5B1F8940283E3CCB00EDEE1E /* MovieList.app */,
			);
			name = Products;
			sourceTree = "<group>";
		};
		5B1F8942283E3CCB00EDEE1E /* MovieList */ = {
			isa = PBXGroup;
			children = (
				5B1F8943283E3CCB00EDEE1E /* AppDelegate.swift */,
				5B1F8945283E3CCB00EDEE1E /* SceneDelegate.swift */,
				5BB7F5292849A042008FF56B /* TabBarController.swift */,
				5B1BC8D428659F05004B75E2 /* Search */,
				5B1BC8D528659F4A004B75E2 /* MovieList */,
				5B1BC8D628659F59004B75E2 /* Favourites */,
				5B1F894C283E3CCD00EDEE1E /* Assets.xcassets */,
				5B1F894E283E3CCD00EDEE1E /* LaunchScreen.storyboard */,
				5B1F8951283E3CCD00EDEE1E /* Info.plist */,
			);
			path = MovieList;
			sourceTree = "<group>";
		};
/* End PBXGroup section */

/* Begin PBXNativeTarget section */
		5B1F893F283E3CCB00EDEE1E /* MovieList */ = {
			isa = PBXNativeTarget;
			buildConfigurationList = 5B1F8954283E3CCD00EDEE1E /* Build configuration list for PBXNativeTarget "MovieList" */;
			buildPhases = (
				5B1F893C283E3CCB00EDEE1E /* Sources */,
				5B1F893D283E3CCB00EDEE1E /* Frameworks */,
				5B1F893E283E3CCB00EDEE1E /* Resources */,
			);
			buildRules = (
			);
			dependencies = (
			);
			name = MovieList;
			productName = MovieList;
			productReference = 5B1F8940283E3CCB00EDEE1E /* MovieList.app */;
			productType = "com.apple.product-type.application";
		};
/* End PBXNativeTarget section */

/* Begin PBXProject section */
		5B1F8938283E3CCB00EDEE1E /* Project object */ = {
			isa = PBXProject;
			attributes = {
				BuildIndependentTargetsInParallel = 1;
				LastSwiftUpdateCheck = 1320;
				LastUpgradeCheck = 1320;
				TargetAttributes = {
					5B1F893F283E3CCB00EDEE1E = {
						CreatedOnToolsVersion = 13.2.1;
					};
				};
			};
			buildConfigurationList = 5B1F893B283E3CCB00EDEE1E /* Build configuration list for PBXProject "MovieList" */;
			compatibilityVersion = "Xcode 13.0";
			developmentRegion = en;
			hasScannedForEncodings = 0;
			knownRegions = (
				en,
				Base,
			);
			mainGroup = 5B1F8937283E3CCB00EDEE1E;
			productRefGroup = 5B1F8941283E3CCB00EDEE1E /* Products */;
			projectDirPath = "";
			projectRoot = "";
			targets = (
				5B1F893F283E3CCB00EDEE1E /* MovieList */,
			);
		};
/* End PBXProject section */

/* Begin PBXResourcesBuildPhase section */
		5B1F893E283E3CCB00EDEE1E /* Resources */ = {
			isa = PBXResourcesBuildPhase;
			buildActionMask = 2147483647;
			files = (
				5B1F8950283E3CCD00EDEE1E /* LaunchScreen.storyboard in Resources */,
				5B1F894D283E3CCD00EDEE1E /* Assets.xcassets in Resources */,
			);
			runOnlyForDeploymentPostprocessing = 0;
		};
/* End PBXResourcesBuildPhase section */

/* Begin PBXSourcesBuildPhase section */
		5B1F893C283E3CCB00EDEE1E /* Sources */ = {
			isa = PBXSourcesBuildPhase;
			buildActionMask = 2147483647;
			files = (
				5BB7F52C2849A0FC008FF56B /* SearchVC.swift in Sources */,
				5BC0FA11285AEF00007B3F42 /* VC ext.swift in Sources */,
				5B1F8944283E3CCB00EDEE1E /* AppDelegate.swift in Sources */,
				5BC0FA13285AEF86007B3F42 /* MovieListCoordinator.swift in Sources */,
				5BB7F52A2849A042008FF56B /* TabBarController.swift in Sources */,
				5B1BC8D828659FA0004B75E2 /* MovieDetailVC.swift in Sources */,
				5BB7F5362849A1EE008FF56B /* NetworkManager.swift in Sources */,
				5BB7F52828499FCA008FF56B /* MovieData.swift in Sources */,
				5BB7F52E2849A120008FF56B /* MovieListVC.swift in Sources */,
				5BB7F5322849A19E008FF56B /* TextField.swift in Sources */,
				5BB7F5302849A160008FF56B /* FavouritesListVC.swift in Sources */,
				5BB7F5342849A1CA008FF56B /* MovieCell.swift in Sources */,
				5B1F8946283E3CCB00EDEE1E /* SceneDelegate.swift in Sources */,
			);
			runOnlyForDeploymentPostprocessing = 0;
		};
/* End PBXSourcesBuildPhase section */

/* Begin PBXVariantGroup section */
		5B1F894E283E3CCD00EDEE1E /* LaunchScreen.storyboard */ = {
			isa = PBXVariantGroup;
			children = (
				5B1F894F283E3CCD00EDEE1E /* Base */,
			);
			name = LaunchScreen.storyboard;
			sourceTree = "<group>";
		};
/* End PBXVariantGroup section */

/* Begin XCBuildConfiguration section */
		5B1F8952283E3CCD00EDEE1E /* Debug */ = {
			isa = XCBuildConfiguration;
			buildSettings = {
				ALWAYS_SEARCH_USER_PATHS = NO;
				CLANG_ANALYZER_NONNULL = YES;
				CLANG_ANALYZER_NUMBER_OBJECT_CONVERSION = YES_AGGRESSIVE;
				CLANG_CXX_LANGUAGE_STANDARD = "gnu++17";
				CLANG_CXX_LIBRARY = "libc++";
				CLANG_ENABLE_MODULES = YES;
				CLANG_ENABLE_OBJC_ARC = YES;
				CLANG_ENABLE_OBJC_WEAK = YES;
				CLANG_WARN_BLOCK_CAPTURE_AUTORELEASING = YES;
				CLANG_WARN_BOOL_CONVERSION = YES;
				CLANG_WARN_COMMA = YES;
				CLANG_WARN_CONSTANT_CONVERSION = YES;
				CLANG_WARN_DEPRECATED_OBJC_IMPLEMENTATIONS = YES;
				CLANG_WARN_DIRECT_OBJC_ISA_USAGE = YES_ERROR;
				CLANG_WARN_DOCUMENTATION_COMMENTS = YES;
				CLANG_WARN_EMPTY_BODY = YES;
				CLANG_WARN_ENUM_CONVERSION = YES;
				CLANG_WARN_INFINITE_RECURSION = YES;
				CLANG_WARN_INT_CONVERSION = YES;
				CLANG_WARN_NON_LITERAL_NULL_CONVERSION = YES;
				CLANG_WARN_OBJC_IMPLICIT_RETAIN_SELF = YES;
				CLANG_WARN_OBJC_LITERAL_CONVERSION = YES;
				CLANG_WARN_OBJC_ROOT_CLASS = YES_ERROR;
				CLANG_WARN_QUOTED_INCLUDE_IN_FRAMEWORK_HEADER = YES;
				CLANG_WARN_RANGE_LOOP_ANALYSIS = YES;
				CLANG_WARN_STRICT_PROTOTYPES = YES;
				CLANG_WARN_SUSPICIOUS_MOVE = YES;
				CLANG_WARN_UNGUARDED_AVAILABILITY = YES_AGGRESSIVE;
				CLANG_WARN_UNREACHABLE_CODE = YES;
				CLANG_WARN__DUPLICATE_METHOD_MATCH = YES;
				COPY_PHASE_STRIP = NO;
				DEBUG_INFORMATION_FORMAT = dwarf;
				ENABLE_STRICT_OBJC_MSGSEND = YES;
				ENABLE_TESTABILITY = YES;
				GCC_C_LANGUAGE_STANDARD = gnu11;
				GCC_DYNAMIC_NO_PIC = NO;
				GCC_NO_COMMON_BLOCKS = YES;
				GCC_OPTIMIZATION_LEVEL = 0;
				GCC_PREPROCESSOR_DEFINITIONS = (
					"DEBUG=1",
					"$(inherited)",
				);
				GCC_WARN_64_TO_32_BIT_CONVERSION = YES;
				GCC_WARN_ABOUT_RETURN_TYPE = YES_ERROR;
				GCC_WARN_UNDECLARED_SELECTOR = YES;
				GCC_WARN_UNINITIALIZED_AUTOS = YES_AGGRESSIVE;
				GCC_WARN_UNUSED_FUNCTION = YES;
				GCC_WARN_UNUSED_VARIABLE = YES;
				IPHONEOS_DEPLOYMENT_TARGET = 15.2;
				MTL_ENABLE_DEBUG_INFO = INCLUDE_SOURCE;
				MTL_FAST_MATH = YES;
				ONLY_ACTIVE_ARCH = YES;
				SDKROOT = iphoneos;
				SWIFT_ACTIVE_COMPILATION_CONDITIONS = DEBUG;
				SWIFT_OPTIMIZATION_LEVEL = "-Onone";
			};
			name = Debug;
		};
		5B1F8953283E3CCD00EDEE1E /* Release */ = {
			isa = XCBuildConfiguration;
			buildSettings = {
				ALWAYS_SEARCH_USER_PATHS = NO;
				CLANG_ANALYZER_NONNULL = YES;
				CLANG_ANALYZER_NUMBER_OBJECT_CONVERSION = YES_AGGRESSIVE;
				CLANG_CXX_LANGUAGE_STANDARD = "gnu++17";
				CLANG_CXX_LIBRARY = "libc++";
				CLANG_ENABLE_MODULES = YES;
				CLANG_ENABLE_OBJC_ARC = YES;
				CLANG_ENABLE_OBJC_WEAK = YES;
				CLANG_WARN_BLOCK_CAPTURE_AUTORELEASING = YES;
				CLANG_WARN_BOOL_CONVERSION = YES;
				CLANG_WARN_COMMA = YES;
				CLANG_WARN_CONSTANT_CONVERSION = YES;
				CLANG_WARN_DEPRECATED_OBJC_IMPLEMENTATIONS = YES;
				CLANG_WARN_DIRECT_OBJC_ISA_USAGE = YES_ERROR;
				CLANG_WARN_DOCUMENTATION_COMMENTS = YES;
				CLANG_WARN_EMPTY_BODY = YES;
				CLANG_WARN_ENUM_CONVERSION = YES;
				CLANG_WARN_INFINITE_RECURSION = YES;
				CLANG_WARN_INT_CONVERSION = YES;
				CLANG_WARN_NON_LITERAL_NULL_CONVERSION = YES;
				CLANG_WARN_OBJC_IMPLICIT_RETAIN_SELF = YES;
				CLANG_WARN_OBJC_LITERAL_CONVERSION = YES;
				CLANG_WARN_OBJC_ROOT_CLASS = YES_ERROR;
				CLANG_WARN_QUOTED_INCLUDE_IN_FRAMEWORK_HEADER = YES;
				CLANG_WARN_RANGE_LOOP_ANALYSIS = YES;
				CLANG_WARN_STRICT_PROTOTYPES = YES;
				CLANG_WARN_SUSPICIOUS_MOVE = YES;
				CLANG_WARN_UNGUARDED_AVAILABILITY = YES_AGGRESSIVE;
				CLANG_WARN_UNREACHABLE_CODE = YES;
				CLANG_WARN__DUPLICATE_METHOD_MATCH = YES;
				COPY_PHASE_STRIP = NO;
				DEBUG_INFORMATION_FORMAT = "dwarf-with-dsym";
				ENABLE_NS_ASSERTIONS = NO;
				ENABLE_STRICT_OBJC_MSGSEND = YES;
				GCC_C_LANGUAGE_STANDARD = gnu11;
				GCC_NO_COMMON_BLOCKS = YES;
				GCC_WARN_64_TO_32_BIT_CONVERSION = YES;
				GCC_WARN_ABOUT_RETURN_TYPE = YES_ERROR;
				GCC_WARN_UNDECLARED_SELECTOR = YES;
				GCC_WARN_UNINITIALIZED_AUTOS = YES_AGGRESSIVE;
				GCC_WARN_UNUSED_FUNCTION = YES;
				GCC_WARN_UNUSED_VARIABLE = YES;
				IPHONEOS_DEPLOYMENT_TARGET = 15.2;
				MTL_ENABLE_DEBUG_INFO = NO;
				MTL_FAST_MATH = YES;
				SDKROOT = iphoneos;
				SWIFT_COMPILATION_MODE = wholemodule;
				SWIFT_OPTIMIZATION_LEVEL = "-O";
				VALIDATE_PRODUCT = YES;
			};
			name = Release;
		};
		5B1F8955283E3CCD00EDEE1E /* Debug */ = {
			isa = XCBuildConfiguration;
			buildSettings = {
				ASSETCATALOG_COMPILER_APPICON_NAME = AppIcon;
				ASSETCATALOG_COMPILER_GLOBAL_ACCENT_COLOR_NAME = AccentColor;
				CODE_SIGN_STYLE = Automatic;
				CURRENT_PROJECT_VERSION = 1;
				GENERATE_INFOPLIST_FILE = YES;
				INFOPLIST_FILE = MovieList/Info.plist;
				INFOPLIST_KEY_UIApplicationSupportsIndirectInputEvents = YES;
				INFOPLIST_KEY_UILaunchStoryboardName = LaunchScreen;
				INFOPLIST_KEY_UISupportedInterfaceOrientations_iPad = "UIInterfaceOrientationPortrait UIInterfaceOrientationPortraitUpsideDown UIInterfaceOrientationLandscapeLeft UIInterfaceOrientationLandscapeRight";
				INFOPLIST_KEY_UISupportedInterfaceOrientations_iPhone = "UIInterfaceOrientationPortrait UIInterfaceOrientationLandscapeLeft UIInterfaceOrientationLandscapeRight";
				LD_RUNPATH_SEARCH_PATHS = (
					"$(inherited)",
					"@executable_path/Frameworks",
				);
				MARKETING_VERSION = 1.0;
				PRODUCT_BUNDLE_IDENTIFIER = com.StevenHill.MovieList;
				PRODUCT_NAME = "$(TARGET_NAME)";
				SWIFT_EMIT_LOC_STRINGS = YES;
				SWIFT_VERSION = 5.0;
				TARGETED_DEVICE_FAMILY = "1,2";
			};
			name = Debug;
		};
		5B1F8956283E3CCD00EDEE1E /* Release */ = {
			isa = XCBuildConfiguration;
			buildSettings = {
				ASSETCATALOG_COMPILER_APPICON_NAME = AppIcon;
				ASSETCATALOG_COMPILER_GLOBAL_ACCENT_COLOR_NAME = AccentColor;
				CODE_SIGN_STYLE = Automatic;
				CURRENT_PROJECT_VERSION = 1;
				GENERATE_INFOPLIST_FILE = YES;
				INFOPLIST_FILE = MovieList/Info.plist;
				INFOPLIST_KEY_UIApplicationSupportsIndirectInputEvents = YES;
				INFOPLIST_KEY_UILaunchStoryboardName = LaunchScreen;
				INFOPLIST_KEY_UISupportedInterfaceOrientations_iPad = "UIInterfaceOrientationPortrait UIInterfaceOrientationPortraitUpsideDown UIInterfaceOrientationLandscapeLeft UIInterfaceOrientationLandscapeRight";
				INFOPLIST_KEY_UISupportedInterfaceOrientations_iPhone = "UIInterfaceOrientationPortrait UIInterfaceOrientationLandscapeLeft UIInterfaceOrientationLandscapeRight";
				LD_RUNPATH_SEARCH_PATHS = (
					"$(inherited)",
					"@executable_path/Frameworks",
				);
				MARKETING_VERSION = 1.0;
				PRODUCT_BUNDLE_IDENTIFIER = com.StevenHill.MovieList;
				PRODUCT_NAME = "$(TARGET_NAME)";
				SWIFT_EMIT_LOC_STRINGS = YES;
				SWIFT_VERSION = 5.0;
				TARGETED_DEVICE_FAMILY = "1,2";
			};
			name = Release;
		};
/* End XCBuildConfiguration section */

/* Begin XCConfigurationList section */
		5B1F893B283E3CCB00EDEE1E /* Build configuration list for PBXProject "MovieList" */ = {
			isa = XCConfigurationList;
			buildConfigurations = (
				5B1F8952283E3CCD00EDEE1E /* Debug */,
				5B1F8953283E3CCD00EDEE1E /* Release */,
			);
			defaultConfigurationIsVisible = 0;
			defaultConfigurationName = Release;
		};
		5B1F8954283E3CCD00EDEE1E /* Build configuration list for PBXNativeTarget "MovieList" */ = {
			isa = XCConfigurationList;
			buildConfigurations = (
				5B1F8955283E3CCD00EDEE1E /* Debug */,
				5B1F8956283E3CCD00EDEE1E /* Release */,
			);
			defaultConfigurationIsVisible = 0;
			defaultConfigurationName = Release;
		};
/* End XCConfigurationList section */
	};
	rootObject = 5B1F8938283E3CCB00EDEE1E /* Project object */;
}
